
Microsoft Visual Studio Solution File, Format Version 12.00
# Visual Studio 15
VisualStudioVersion = 15.0.27703.1
MinimumVisualStudioVersion = 10.0.40219.1
Project("{FAE04EC0-301F-11D3-BF4B-00C04F79EFBC}") = "Cluster", "Cluster\Cluster.csproj", "{FD599744-53B2-40E8-93A3-53185A9BC142}"
EndProject
Global
	GlobalSection(SolutionConfigurationPlatforms) = preSolution
		Debug|Any CPU = Debug|Any CPU
		Release|Any CPU = Release|Any CPU
	EndGlobalSection
	GlobalSection(ProjectConfigurationPlatforms) = postSolution
		{FD599744-53B2-40E8-93A3-53185A9BC142}.Debug|Any CPU.ActiveCfg = Debug|Any CPU
		{FD599744-53B2-40E8-93A3-53185A9BC142}.Debug|Any CPU.Build.0 = Debug|Any CPU
		{FD599744-53B2-40E8-93A3-53185A9BC142}.Release|Any CPU.ActiveCfg = Release|Any CPU
		{FD599744-53B2-40E8-93A3-53185A9BC142}.Release|Any CPU.Build.0 = Release|Any CPU
	EndGlobalSection
	GlobalSection(SolutionProperties) = preSolution
		HideSolutionNode = FALSE
	EndGlobalSection
	GlobalSection(ExtensibilityGlobals) = postSolution
		SolutionGuid = {DB264BF4-DDC2-42E3-A879-67BFA129FD4F}
	EndGlobalSection
EndGlobal
